// !$*UTF8*$!
{
	archiveVersion = 1;
	classes = {
	};
	objectVersion = 46;
	objects = {

/* Begin PBXBuildFile section */
		7F704FAB1F53F4EB007C4F28 /* libcamera-usb-sdk-cpp.dylib in Frameworks */ = {isa = PBXBuildFile; fileRef = 7F704FAA1F53F4EB007C4F28 /* libcamera-usb-sdk-cpp.dylib */; };
		7FA991211F3AD127005A1D8C /* cli.cpp in Sources */ = {isa = PBXBuildFile; fileRef = 7FA991201F3AD127005A1D8C /* cli.cpp */; };
/* End PBXBuildFile section */

/* Begin PBXCopyFilesBuildPhase section */
		7FA991141F3ACED6005A1D8C /* CopyFiles */ = {
			isa = PBXCopyFilesBuildPhase;
			buildActionMask = 2147483647;
			dstPath = /usr/share/man/man1/;
			dstSubfolderSpec = 0;
			files = (
			);
			runOnlyForDeploymentPostprocessing = 1;
		};
/* End PBXCopyFilesBuildPhase section */

/* Begin PBXFileReference section */
		7F704FAA1F53F4EB007C4F28 /* libcamera-usb-sdk-cpp.dylib */ = {isa = PBXFileReference; lastKnownFileType = "compiled.mach-o.dylib"; name = "libcamera-usb-sdk-cpp.dylib"; path = "../lib/libcamera-usb-sdk-cpp.dylib"; sourceTree = "<group>"; };
		7FA991161F3ACED6005A1D8C /* cli */ = {isa = PBXFileReference; explicitFileType = "compiled.mach-o.executable"; includeInIndex = 0; path = cli; sourceTree = BUILT_PRODUCTS_DIR; };
		7FA991201F3AD127005A1D8C /* cli.cpp */ = {isa = PBXFileReference; fileEncoding = 4; lastKnownFileType = sourcecode.cpp.cpp; path = cli.cpp; sourceTree = "<group>"; };
/* End PBXFileReference section */

/* Begin PBXFrameworksBuildPhase section */
		7FA991131F3ACED6005A1D8C /* Frameworks */ = {
			isa = PBXFrameworksBuildPhase;
			buildActionMask = 2147483647;
			files = (
				7F704FAB1F53F4EB007C4F28 /* libcamera-usb-sdk-cpp.dylib in Frameworks */,
			);
			runOnlyForDeploymentPostprocessing = 0;
		};
/* End PBXFrameworksBuildPhase section */

/* Begin PBXGroup section */
		7FA9910D1F3ACED6005A1D8C = {
			isa = PBXGroup;
			children = (
				7FA991201F3AD127005A1D8C /* cli.cpp */,
				7FA991171F3ACED6005A1D8C /* Products */,
				7FA991221F3AD134005A1D8C /* Frameworks */,
			);
			sourceTree = "<group>";
		};
		7FA991171F3ACED6005A1D8C /* Products */ = {
			isa = PBXGroup;
			children = (
				7FA991161F3ACED6005A1D8C /* cli */,
			);
			name = Products;
			sourceTree = "<group>";
		};
		7FA991221F3AD134005A1D8C /* Frameworks */ = {
			isa = PBXGroup;
			children = (
				7F704FAA1F53F4EB007C4F28 /* libcamera-usb-sdk-cpp.dylib */,
			);
			name = Frameworks;
			sourceTree = "<group>";
		};
/* End PBXGroup section */

/* Begin PBXNativeTarget section */
		7FA991151F3ACED6005A1D8C /* cli */ = {
			isa = PBXNativeTarget;
			buildConfigurationList = 7FA9911D1F3ACED6005A1D8C /* Build configuration list for PBXNativeTarget "cli" */;
			buildPhases = (
				7FA991121F3ACED6005A1D8C /* Sources */,
				7FA991131F3ACED6005A1D8C /* Frameworks */,
				7FA991141F3ACED6005A1D8C /* CopyFiles */,
			);
			buildRules = (
			);
			dependencies = (
			);
			name = cli;
			productName = "cli-osx";
			productReference = 7FA991161F3ACED6005A1D8C /* cli */;
			productType = "com.apple.product-type.tool";
		};
/* End PBXNativeTarget section */

/* Begin PBXProject section */
		7FA9910E1F3ACED6005A1D8C /* Project object */ = {
			isa = PBXProject;
			attributes = {
				LastUpgradeCheck = 0830;
				ORGANIZATIONNAME = "RICOH Co.,Ltd.";
				TargetAttributes = {
					7FA991151F3ACED6005A1D8C = {
						CreatedOnToolsVersion = 8.3.3;
						ProvisioningStyle = Automatic;
					};
				};
			};
			buildConfigurationList = 7FA991111F3ACED6005A1D8C /* Build configuration list for PBXProject "cli" */;
			compatibilityVersion = "Xcode 3.2";
			developmentRegion = English;
			hasScannedForEncodings = 0;
			knownRegions = (
				en,
			);
			mainGroup = 7FA9910D1F3ACED6005A1D8C;
			productRefGroup = 7FA991171F3ACED6005A1D8C /* Products */;
			projectDirPath = "";
			projectRoot = "";
			targets = (
				7FA991151F3ACED6005A1D8C /* cli */,
			);
		};
/* End PBXProject section */

/* Begin PBXSourcesBuildPhase section */
		7FA991121F3ACED6005A1D8C /* Sources */ = {
			isa = PBXSourcesBuildPhase;
			buildActionMask = 2147483647;
			files = (
				7FA991211F3AD127005A1D8C /* cli.cpp in Sources */,
			);
			runOnlyForDeploymentPostprocessing = 0;
		};
/* End PBXSourcesBuildPhase section */

/* Begin XCBuildConfiguration section */
		7FA9911B1F3ACED6005A1D8C /* Debug */ = {
			isa = XCBuildConfiguration;
			buildSettings = {
				ALWAYS_SEARCH_USER_PATHS = NO;
				CLANG_ANALYZER_NONNULL = YES;
				CLANG_ANALYZER_NUMBER_OBJECT_CONVERSION = YES_AGGRESSIVE;
				CLANG_CXX_LANGUAGE_STANDARD = "gnu++0x";
				CLANG_CXX_LIBRARY = "libc++";
				CLANG_ENABLE_MODULES = YES;
				CLANG_ENABLE_OBJC_ARC = YES;
				CLANG_WARN_BOOL_CONVERSION = YES;
				CLANG_WARN_CONSTANT_CONVERSION = YES;
				CLANG_WARN_DIRECT_OBJC_ISA_USAGE = YES_ERROR;
				CLANG_WARN_DOCUMENTATION_COMMENTS = YES;
				CLANG_WARN_EMPTY_BODY = YES;
				CLANG_WARN_ENUM_CONVERSION = YES;
				CLANG_WARN_INFINITE_RECURSION = YES;
				CLANG_WARN_INT_CONVERSION = YES;
				CLANG_WARN_OBJC_ROOT_CLASS = YES_ERROR;
				CLANG_WARN_SUSPICIOUS_MOVE = YES;
				CLANG_WARN_UNREACHABLE_CODE = YES;
				CLANG_WARN__DUPLICATE_METHOD_MATCH = YES;
				CODE_SIGN_IDENTITY = "-";
				COPY_PHASE_STRIP = NO;
				DEBUG_INFORMATION_FORMAT = dwarf;
				ENABLE_STRICT_OBJC_MSGSEND = YES;
				ENABLE_TESTABILITY = YES;
				GCC_C_LANGUAGE_STANDARD = gnu99;
				GCC_DYNAMIC_NO_PIC = NO;
				GCC_NO_COMMON_BLOCKS = YES;
				GCC_OPTIMIZATION_LEVEL = 0;
				GCC_PREPROCESSOR_DEFINITIONS = (
					"DEBUG=1",
					"$(inherited)",
				);
				GCC_WARN_64_TO_32_BIT_CONVERSION = YES;
				GCC_WARN_ABOUT_RETURN_TYPE = YES_ERROR;
				GCC_WARN_UNDECLARED_SELECTOR = YES;
				GCC_WARN_UNINITIALIZED_AUTOS = YES_AGGRESSIVE;
				GCC_WARN_UNUSED_FUNCTION = YES;
				GCC_WARN_UNUSED_VARIABLE = YES;
				MACOSX_DEPLOYMENT_TARGET = 10.12;
				MTL_ENABLE_DEBUG_INFO = YES;
				ONLY_ACTIVE_ARCH = YES;
				SDKROOT = macosx;
			};
			name = Debug;
		};
		7FA9911C1F3ACED6005A1D8C /* Release */ = {
			isa = XCBuildConfiguration;
			buildSettings = {
				ALWAYS_SEARCH_USER_PATHS = NO;
				CLANG_ANALYZER_NONNULL = YES;
				CLANG_ANALYZER_NUMBER_OBJECT_CONVERSION = YES_AGGRESSIVE;
				CLANG_CXX_LANGUAGE_STANDARD = "gnu++0x";
				CLANG_CXX_LIBRARY = "libc++";
				CLANG_ENABLE_MODULES = YES;
				CLANG_ENABLE_OBJC_ARC = YES;
				CLANG_WARN_BOOL_CONVERSION = YES;
				CLANG_WARN_CONSTANT_CONVERSION = YES;
				CLANG_WARN_DIRECT_OBJC_ISA_USAGE = YES_ERROR;
				CLANG_WARN_DOCUMENTATION_COMMENTS = YES;
				CLANG_WARN_EMPTY_BODY = YES;
				CLANG_WARN_ENUM_CONVERSION = YES;
				CLANG_WARN_INFINITE_RECURSION = YES;
				CLANG_WARN_INT_CONVERSION = YES;
				CLANG_WARN_OBJC_ROOT_CLASS = YES_ERROR;
				CLANG_WARN_SUSPICIOUS_MOVE = YES;
				CLANG_WARN_UNREACHABLE_CODE = YES;
				CLANG_WARN__DUPLICATE_METHOD_MATCH = YES;
				CODE_SIGN_IDENTITY = "-";
				COPY_PHASE_STRIP = NO;
				DEBUG_INFORMATION_FORMAT = "dwarf-with-dsym";
				ENABLE_NS_ASSERTIONS = NO;
				ENABLE_STRICT_OBJC_MSGSEND = YES;
				GCC_C_LANGUAGE_STANDARD = gnu99;
				GCC_NO_COMMON_BLOCKS = YES;
				GCC_WARN_64_TO_32_BIT_CONVERSION = YES;
				GCC_WARN_ABOUT_RETURN_TYPE = YES_ERROR;
				GCC_WARN_UNDECLARED_SELECTOR = YES;
				GCC_WARN_UNINITIALIZED_AUTOS = YES_AGGRESSIVE;
				GCC_WARN_UNUSED_FUNCTION = YES;
				GCC_WARN_UNUSED_VARIABLE = YES;
				MACOSX_DEPLOYMENT_TARGET = 10.12;
				MTL_ENABLE_DEBUG_INFO = NO;
				SDKROOT = macosx;
			};
			name = Release;
		};
		7FA9911E1F3ACED6005A1D8C /* Debug */ = {
			isa = XCBuildConfiguration;
			buildSettings = {
				ARCHS = "$(ARCHS_STANDARD_64_BIT)";
				CLANG_CXX_LANGUAGE_STANDARD = "c++0x";
				CONFIGURATION_BUILD_DIR = "$(SRCROOT)/build/Debug";
				CONFIGURATION_TEMP_DIR = "$(SRCROOT)/build/cli.build";
				HEADER_SEARCH_PATHS = "\"$(SRCROOT)/../../include\"";
				INFOPLIST_PREPROCESS = NO;
				LD_RUNPATH_SEARCH_PATHS = "@executable_path";
				LIBRARY_SEARCH_PATHS = "\"$(SRCROOT)/build\"";
				MACOSX_DEPLOYMENT_TARGET = 10.9;
				OTHER_CFLAGS = (
					"-g",
					"-fsanitize=address",
				);
				PRODUCT_NAME = cli;
				WARNING_CFLAGS = "-Wall";
			};
			name = Debug;
		};
		7FA9911F1F3ACED6005A1D8C /* Release */ = {
			isa = XCBuildConfiguration;
			buildSettings = {
				ARCHS = "$(ARCHS_STANDARD_64_BIT)";
				CLANG_CXX_LANGUAGE_STANDARD = "c++0x";
				CONFIGURATION_BUILD_DIR = "$(SRCROOT)/build/Release";
				CONFIGURATION_TEMP_DIR = "$(SRCROOT)/build/cli.build";
				GCC_OPTIMIZATION_LEVEL = 2;
				HEADER_SEARCH_PATHS = "\"$(SRCROOT)/../../include\"";
				INFOPLIST_PREPROCESS = NO;
				LD_RUNPATH_SEARCH_PATHS = "@executable_path";
				LIBRARY_SEARCH_PATHS = "\"$(SRCROOT)/build\"";
				MACOSX_DEPLOYMENT_TARGET = 10.9;
				PRODUCT_NAME = cli;
				WARNING_CFLAGS = "-Wall";
			};
			name = Release;
		};
/* End XCBuildConfiguration section */

/* Begin XCConfigurationList section */
		7FA991111F3ACED6005A1D8C /* Build configuration list for PBXProject "cli" */ = {
			isa = XCConfigurationList;
			buildConfigurations = (
				7FA9911B1F3ACED6005A1D8C /* Debug */,
				7FA9911C1F3ACED6005A1D8C /* Release */,
			);
			defaultConfigurationIsVisible = 0;
			defaultConfigurationName = Release;
		};
		7FA9911D1F3ACED6005A1D8C /* Build configuration list for PBXNativeTarget "cli" */ = {
			isa = XCConfigurationList;
			buildConfigurations = (
				7FA9911E1F3ACED6005A1D8C /* Debug */,
				7FA9911F1F3ACED6005A1D8C /* Release */,
			);
			defaultConfigurationIsVisible = 0;
			defaultConfigurationName = Release;
		};
/* End XCConfigurationList section */
	};
	rootObject = 7FA9910E1F3ACED6005A1D8C /* Project object */;
}
